
Microsoft Visual Studio Solution File, Format Version 12.00
# Visual Studio 15
VisualStudioVersion = 15.0.28010.2026
MinimumVisualStudioVersion = 10.0.40219.1
Project("{9A19103F-16F7-4668-BE54-9A1E7A4F7556}") = "BookStoreLibrary", "BookStoreLibrary\BookStoreLibrary.csproj", "{E4FD8CA7-E59A-4780-ACBA-12EF074EA45C}"
EndProject
Project("{9A19103F-16F7-4668-BE54-9A1E7A4F7556}") = "BookStoreApplication", "BookStoreApplication\BookStoreApplication.csproj", "{88CB248F-E543-4C82-A882-4586A6C9A3F1}"
EndProject
Project("{9A19103F-16F7-4668-BE54-9A1E7A4F7556}") = "BookStoreWebService", "BookStoreWebService\BookStoreWebService.csproj", "{5D092FD0-5E77-4D57-BA0A-B38541D99272}"
EndProject
Project("{9A19103F-16F7-4668-BE54-9A1E7A4F7556}") = "BookStoreWebServiceTests", "BookStoreWebServiceTests\BookStoreWebServiceTests.csproj", "{EA598724-EE7A-4935-9824-5909D53026D2}"
EndProject
Project("{00D1A9C2-B5F0-4AF3-8072-F6C62B433612}") = "BookStoreDB", "BookStoreDB\Database1\BookStoreDB.sqlproj", "{EA4D50E2-41B6-4F22-96C3-10311F646393}"
EndProject
Global
	GlobalSection(SolutionConfigurationPlatforms) = preSolution
		Debug|Any CPU = Debug|Any CPU
		Release|Any CPU = Release|Any CPU
	EndGlobalSection
	GlobalSection(ProjectConfigurationPlatforms) = postSolution
		{E4FD8CA7-E59A-4780-ACBA-12EF074EA45C}.Debug|Any CPU.ActiveCfg = Debug|Any CPU
		{E4FD8CA7-E59A-4780-ACBA-12EF074EA45C}.Debug|Any CPU.Build.0 = Debug|Any CPU
		{E4FD8CA7-E59A-4780-ACBA-12EF074EA45C}.Release|Any CPU.ActiveCfg = Release|Any CPU
		{E4FD8CA7-E59A-4780-ACBA-12EF074EA45C}.Release|Any CPU.Build.0 = Release|Any CPU
		{88CB248F-E543-4C82-A882-4586A6C9A3F1}.Debug|Any CPU.ActiveCfg = Debug|Any CPU
		{88CB248F-E543-4C82-A882-4586A6C9A3F1}.Debug|Any CPU.Build.0 = Debug|Any CPU
		{88CB248F-E543-4C82-A882-4586A6C9A3F1}.Release|Any CPU.ActiveCfg = Release|Any CPU
		{88CB248F-E543-4C82-A882-4586A6C9A3F1}.Release|Any CPU.Build.0 = Release|Any CPU
		{5D092FD0-5E77-4D57-BA0A-B38541D99272}.Debug|Any CPU.ActiveCfg = Debug|Any CPU
		{5D092FD0-5E77-4D57-BA0A-B38541D99272}.Debug|Any CPU.Build.0 = Debug|Any CPU
		{5D092FD0-5E77-4D57-BA0A-B38541D99272}.Release|Any CPU.ActiveCfg = Release|Any CPU
		{5D092FD0-5E77-4D57-BA0A-B38541D99272}.Release|Any CPU.Build.0 = Release|Any CPU
		{EA598724-EE7A-4935-9824-5909D53026D2}.Debug|Any CPU.ActiveCfg = Debug|Any CPU
		{EA598724-EE7A-4935-9824-5909D53026D2}.Debug|Any CPU.Build.0 = Debug|Any CPU
		{EA598724-EE7A-4935-9824-5909D53026D2}.Release|Any CPU.ActiveCfg = Release|Any CPU
		{EA598724-EE7A-4935-9824-5909D53026D2}.Release|Any CPU.Build.0 = Release|Any CPU
		{EA4D50E2-41B6-4F22-96C3-10311F646393}.Debug|Any CPU.ActiveCfg = Debug|Any CPU
		{EA4D50E2-41B6-4F22-96C3-10311F646393}.Debug|Any CPU.Build.0 = Debug|Any CPU
		{EA4D50E2-41B6-4F22-96C3-10311F646393}.Debug|Any CPU.Deploy.0 = Debug|Any CPU
		{EA4D50E2-41B6-4F22-96C3-10311F646393}.Release|Any CPU.ActiveCfg = Release|Any CPU
		{EA4D50E2-41B6-4F22-96C3-10311F646393}.Release|Any CPU.Build.0 = Release|Any CPU
		{EA4D50E2-41B6-4F22-96C3-10311F646393}.Release|Any CPU.Deploy.0 = Release|Any CPU
	EndGlobalSection
	GlobalSection(SolutionProperties) = preSolution
		HideSolutionNode = FALSE
	EndGlobalSection
	GlobalSection(ExtensibilityGlobals) = postSolution
		SolutionGuid = {D38A8EA4-F9A9-4D52-87AE-F1B15B9234F4}
	EndGlobalSection
EndGlobal
